PODS:
  - CryptoSwift (1.4.1)
  - WDCloudMall (1.0.0):
    - CryptoSwift (= 1.4.1)

DEPENDENCIES:
  - CryptoSwift (~> 1.4.1)
  - WDCloudMall (from `../`)

SPEC REPOS:
  trunk:
    - CryptoSwift

EXTERNAL SOURCES:
  WDCloudMall:
    :path: "../"

SPEC CHECKSUMS:
  CryptoSwift: 0bc800a7e6a24c4fc9ebeab97d44b0d5f73a78bd
  WDCloudMall: a6a90343d1aa0d79b20c454eac38fefded348cd4

PODFILE CHECKSUM: 80d679ebfc39c4ee91b10ae96d58b1de3383f728

COCOAPODS: 1.11.2
