PODS:
  - CryptoSwift (1.4.1)
  - WDCloudMall (1.0.0):
    - CryptoSwift (= 1.4.1)

DEPENDENCIES:
  - CryptoSwift (~> 1.4.1)
  - WDCloudMall (from `../`)

SPEC REPOS:
  trunk:
    - CryptoSwift

EXTERNAL SOURCES:
  WDCloudMall:
    :path: "../"

SPEC CHECKSUMS:
  CryptoSwift: 0bc800a7e6a24c4fc9ebeab97d44b0d5f73a78bd
  WDCloudMall: 2afb9c83e3cab6296f8b50c0802365e5d6b0258f

PODFILE CHECKSUM: 80d679ebfc39c4ee91b10ae96d58b1de3383f728

COCOAPODS: 1.11.2
